
Microsoft Visual Studio Solution File, Format Version 12.00
# Visual Studio Version 17
VisualStudioVersion = 17.2.32526.322
MinimumVisualStudioVersion = 10.0.40219.1
Project("{FAE04EC0-301F-11D3-BF4B-00C04F79EFBC}") = "LuluAI", "LuluAI\LuluAI.csproj", "{C69C0897-1818-45FA-9B73-1F58146C711B}"
EndProject
Global
	GlobalSection(SolutionConfigurationPlatforms) = preSolution
		Debug|Any CPU = Debug|Any CPU
		Release|Any CPU = Release|Any CPU
	EndGlobalSection
	GlobalSection(ProjectConfigurationPlatforms) = postSolution
		{C69C0897-1818-45FA-9B73-1F58146C711B}.Debug|Any CPU.ActiveCfg = Debug|Any CPU
		{C69C0897-1818-45FA-9B73-1F58146C711B}.Debug|Any CPU.Build.0 = Debug|Any CPU
		{C69C0897-1818-45FA-9B73-1F58146C711B}.Release|Any CPU.ActiveCfg = Release|Any CPU
		{C69C0897-1818-45FA-9B73-1F58146C711B}.Release|Any CPU.Build.0 = Release|Any CPU
	EndGlobalSection
	GlobalSection(SolutionProperties) = preSolution
		HideSolutionNode = FALSE
	EndGlobalSection
	GlobalSection(ExtensibilityGlobals) = postSolution
		SolutionGuid = {8D304B4F-C32C-4850-9425-FD9C5E0B156F}
	EndGlobalSection
EndGlobal
